<Solution>
  <Folder Name="/src/">
    <Project Path="src/LibraryManagementSystemV2.Api/LibraryManagementSystemV2.Api.csproj" />
    <Project Path="src/LibraryManagementSystemV2.BLL/LibraryManagementSystemV2.BLL.csproj" />
    <Project Path="src/LibraryManagementSystemV2.DAL/LibraryManagementSystemV2.DAL.csproj" />
    <Project Path="src/LibraryManagementSystemV2.Database/LibraryManagementSystemV2.Database.sqlproj" Id="5c54d450-6530-4064-9257-c7d921d62193">
      <Build />
      <Deploy />
    </Project>
    <Project Path="src/LibraryManagementSystemV2.Shared/LibraryManagementSystemV2.Shared.csproj" />
  </Folder>
  <Folder Name="/src/Web/">
    <Project Path="src/Lms.Mvc/Lms.Mvc.csproj" Id="a4004c50-9ad1-4c2e-810c-eee16c16d52e" />
  </Folder>
</Solution>
